
Microsoft Visual Studio Solution File, Format Version 12.00
# Visual Studio Version 16
VisualStudioVersion = 16.0.30523.141
MinimumVisualStudioVersion = 10.0.40219.1
Project("{FAE04EC0-301F-11D3-BF4B-00C04F79EFBC}") = "McAfeeVirusScanController", "McAfeeVirusScanController.csproj", "{AA4F748C-1521-494A-AEDE-3EFF74C3318C}"
EndProject
Global
	GlobalSection(SolutionConfigurationPlatforms) = preSolution
		Debug|Any CPU = Debug|Any CPU
		Release|Any CPU = Release|Any CPU
	EndGlobalSection
	GlobalSection(ProjectConfigurationPlatforms) = postSolution
		{AA4F748C-1521-494A-AEDE-3EFF74C3318C}.Debug|Any CPU.ActiveCfg = Debug|Any CPU
		{AA4F748C-1521-494A-AEDE-3EFF74C3318C}.Debug|Any CPU.Build.0 = Debug|Any CPU
		{AA4F748C-1521-494A-AEDE-3EFF74C3318C}.Release|Any CPU.ActiveCfg = Release|Any CPU
		{AA4F748C-1521-494A-AEDE-3EFF74C3318C}.Release|Any CPU.Build.0 = Release|Any CPU
	EndGlobalSection
	GlobalSection(SolutionProperties) = preSolution
		HideSolutionNode = FALSE
	EndGlobalSection
	GlobalSection(ExtensibilityGlobals) = postSolution
		SolutionGuid = {740BC3D5-6F11-4571-AB4B-8CFF2EB3278E}
	EndGlobalSection
EndGlobal
