
Microsoft Visual Studio Solution File, Format Version 12.00
# Visual Studio Version 16
VisualStudioVersion = 16.0.30523.141
MinimumVisualStudioVersion = 10.0.40219.1
Project("{FAE04EC0-301F-11D3-BF4B-00C04F79EFBC}") = "ConsoleApp1", "ConsoleApp1\ConsoleApp1.csproj", "{CBFACFFD-6F97-4B20-A249-B03A2C764026}"
EndProject
Global
	GlobalSection(SolutionConfigurationPlatforms) = preSolution
		Debug|Any CPU = Debug|Any CPU
		Release|Any CPU = Release|Any CPU
	EndGlobalSection
	GlobalSection(ProjectConfigurationPlatforms) = postSolution
		{CBFACFFD-6F97-4B20-A249-B03A2C764026}.Debug|Any CPU.ActiveCfg = Debug|Any CPU
		{CBFACFFD-6F97-4B20-A249-B03A2C764026}.Debug|Any CPU.Build.0 = Debug|Any CPU
		{CBFACFFD-6F97-4B20-A249-B03A2C764026}.Release|Any CPU.ActiveCfg = Release|Any CPU
		{CBFACFFD-6F97-4B20-A249-B03A2C764026}.Release|Any CPU.Build.0 = Release|Any CPU
	EndGlobalSection
	GlobalSection(SolutionProperties) = preSolution
		HideSolutionNode = FALSE
	EndGlobalSection
	GlobalSection(ExtensibilityGlobals) = postSolution
		SolutionGuid = {C5FDF11B-1716-4019-8F41-007F0F1B7D31}
	EndGlobalSection
EndGlobal
