
Microsoft Visual Studio Solution File, Format Version 12.00
# Visual Studio Version 16
VisualStudioVersion = 16.0.30523.141
MinimumVisualStudioVersion = 10.0.40219.1
Project("{FAE04EC0-301F-11D3-BF4B-00C04F79EFBC}") = "AntiVirusDefinitionFileDownload", "AntiVirusDefinitionFileDownload.csproj", "{C6F7BFCD-2A95-499A-9712-DCA0274E8E0A}"
EndProject
Global
	GlobalSection(SolutionConfigurationPlatforms) = preSolution
		Debug|Any CPU = Debug|Any CPU
		Release|Any CPU = Release|Any CPU
	EndGlobalSection
	GlobalSection(ProjectConfigurationPlatforms) = postSolution
		{C6F7BFCD-2A95-499A-9712-DCA0274E8E0A}.Debug|Any CPU.ActiveCfg = Debug|Any CPU
		{C6F7BFCD-2A95-499A-9712-DCA0274E8E0A}.Debug|Any CPU.Build.0 = Debug|Any CPU
		{C6F7BFCD-2A95-499A-9712-DCA0274E8E0A}.Release|Any CPU.ActiveCfg = Release|Any CPU
		{C6F7BFCD-2A95-499A-9712-DCA0274E8E0A}.Release|Any CPU.Build.0 = Release|Any CPU
	EndGlobalSection
	GlobalSection(SolutionProperties) = preSolution
		HideSolutionNode = FALSE
	EndGlobalSection
	GlobalSection(ExtensibilityGlobals) = postSolution
		SolutionGuid = {1A49B6B0-34A2-447F-9027-38BD593E6878}
	EndGlobalSection
EndGlobal
