
Microsoft Visual Studio Solution File, Format Version 12.00
# Visual Studio 15
VisualStudioVersion = 15.0.28010.2048
MinimumVisualStudioVersion = 10.0.40219.1
Project("{FAE04EC0-301F-11D3-BF4B-00C04F79EFBC}") = "TextToSrt", "TextToSrt\TextToSrt.csproj", "{1E17570D-77E3-4DDE-A79D-8748EF5FEEDD}"
EndProject
Global
	GlobalSection(SolutionConfigurationPlatforms) = preSolution
		Debug|Any CPU = Debug|Any CPU
		Release|Any CPU = Release|Any CPU
	EndGlobalSection
	GlobalSection(ProjectConfigurationPlatforms) = postSolution
		{1E17570D-77E3-4DDE-A79D-8748EF5FEEDD}.Debug|Any CPU.ActiveCfg = Debug|Any CPU
		{1E17570D-77E3-4DDE-A79D-8748EF5FEEDD}.Debug|Any CPU.Build.0 = Debug|Any CPU
		{1E17570D-77E3-4DDE-A79D-8748EF5FEEDD}.Release|Any CPU.ActiveCfg = Release|Any CPU
		{1E17570D-77E3-4DDE-A79D-8748EF5FEEDD}.Release|Any CPU.Build.0 = Release|Any CPU
	EndGlobalSection
	GlobalSection(SolutionProperties) = preSolution
		HideSolutionNode = FALSE
	EndGlobalSection
	GlobalSection(ExtensibilityGlobals) = postSolution
		SolutionGuid = {560BA2FA-9B2F-4177-905A-BE30FB4DBBAD}
	EndGlobalSection
EndGlobal
