
Microsoft Visual Studio Solution File, Format Version 12.00
# Visual Studio Version 16
VisualStudioVersion = 16.0.30523.141
MinimumVisualStudioVersion = 10.0.40219.1
Project("{FAE04EC0-301F-11D3-BF4B-00C04F79EFBC}") = "WorkerService1", "WorkerService1\WorkerService1.csproj", "{074C8D8D-0E98-486A-B615-E939742CF3B5}"
EndProject
Global
	GlobalSection(SolutionConfigurationPlatforms) = preSolution
		Debug|Any CPU = Debug|Any CPU
		Release|Any CPU = Release|Any CPU
	EndGlobalSection
	GlobalSection(ProjectConfigurationPlatforms) = postSolution
		{074C8D8D-0E98-486A-B615-E939742CF3B5}.Debug|Any CPU.ActiveCfg = Debug|Any CPU
		{074C8D8D-0E98-486A-B615-E939742CF3B5}.Debug|Any CPU.Build.0 = Debug|Any CPU
		{074C8D8D-0E98-486A-B615-E939742CF3B5}.Release|Any CPU.ActiveCfg = Release|Any CPU
		{074C8D8D-0E98-486A-B615-E939742CF3B5}.Release|Any CPU.Build.0 = Release|Any CPU
	EndGlobalSection
	GlobalSection(SolutionProperties) = preSolution
		HideSolutionNode = FALSE
	EndGlobalSection
	GlobalSection(ExtensibilityGlobals) = postSolution
		SolutionGuid = {AFD6EC00-897D-44D6-BA2C-C2E7AC2DDBA4}
	EndGlobalSection
EndGlobal
