
Microsoft Visual Studio Solution File, Format Version 12.00
# Visual Studio Version 16
VisualStudioVersion = 16.0.30523.141
MinimumVisualStudioVersion = 10.0.40219.1
Project("{FAE04EC0-301F-11D3-BF4B-00C04F79EFBC}") = "DBConnectionStringCheck", "DBConnectionStringCheck.csproj", "{1A87E988-C649-4A26-B8A7-BEC79A212520}"
EndProject
Global
	GlobalSection(SolutionConfigurationPlatforms) = preSolution
		Debug|Any CPU = Debug|Any CPU
		Release|Any CPU = Release|Any CPU
	EndGlobalSection
	GlobalSection(ProjectConfigurationPlatforms) = postSolution
		{1A87E988-C649-4A26-B8A7-BEC79A212520}.Debug|Any CPU.ActiveCfg = Debug|Any CPU
		{1A87E988-C649-4A26-B8A7-BEC79A212520}.Debug|Any CPU.Build.0 = Debug|Any CPU
		{1A87E988-C649-4A26-B8A7-BEC79A212520}.Release|Any CPU.ActiveCfg = Release|Any CPU
		{1A87E988-C649-4A26-B8A7-BEC79A212520}.Release|Any CPU.Build.0 = Release|Any CPU
	EndGlobalSection
	GlobalSection(SolutionProperties) = preSolution
		HideSolutionNode = FALSE
	EndGlobalSection
	GlobalSection(ExtensibilityGlobals) = postSolution
		SolutionGuid = {FDF5F462-4417-400A-A695-961434D56B90}
	EndGlobalSection
EndGlobal
