
Microsoft Visual Studio Solution File, Format Version 12.00
# Visual Studio Version 16
VisualStudioVersion = 16.0.30523.141
MinimumVisualStudioVersion = 10.0.40219.1
Project("{FAE04EC0-301F-11D3-BF4B-00C04F79EFBC}") = "ConfigurationsOverrideAzureWebApp", "ConfigurationsOverrideAzureWebApp.csproj", "{FFE2209D-7E1D-435A-A527-B47748AED45C}"
EndProject
Global
	GlobalSection(SolutionConfigurationPlatforms) = preSolution
		Debug|Any CPU = Debug|Any CPU
		Release|Any CPU = Release|Any CPU
	EndGlobalSection
	GlobalSection(ProjectConfigurationPlatforms) = postSolution
		{FFE2209D-7E1D-435A-A527-B47748AED45C}.Debug|Any CPU.ActiveCfg = Debug|Any CPU
		{FFE2209D-7E1D-435A-A527-B47748AED45C}.Debug|Any CPU.Build.0 = Debug|Any CPU
		{FFE2209D-7E1D-435A-A527-B47748AED45C}.Release|Any CPU.ActiveCfg = Release|Any CPU
		{FFE2209D-7E1D-435A-A527-B47748AED45C}.Release|Any CPU.Build.0 = Release|Any CPU
	EndGlobalSection
	GlobalSection(SolutionProperties) = preSolution
		HideSolutionNode = FALSE
	EndGlobalSection
	GlobalSection(ExtensibilityGlobals) = postSolution
		SolutionGuid = {74333F9C-1C75-419E-BC8E-882930690B19}
	EndGlobalSection
EndGlobal
